
Microsoft Visual Studio Solution File, Format Version 12.00
# Visual Studio Version 16
VisualStudioVersion = 16.0.29613.14
MinimumVisualStudioVersion = 10.0.40219.1
Project("{9A19103F-16F7-4668-BE54-9A1E7A4F7556}") = "CodeFirst", "CodeFirst.csproj", "{FE3A2CEA-8DD6-49BB-A4D9-4840A4833D22}"
EndProject
Global
	GlobalSection(SolutionConfigurationPlatforms) = preSolution
		Debug|Any CPU = Debug|Any CPU
		Release|Any CPU = Release|Any CPU
	EndGlobalSection
	GlobalSection(ProjectConfigurationPlatforms) = postSolution
		{FE3A2CEA-8DD6-49BB-A4D9-4840A4833D22}.Debug|Any CPU.ActiveCfg = Debug|Any CPU
		{FE3A2CEA-8DD6-49BB-A4D9-4840A4833D22}.Debug|Any CPU.Build.0 = Debug|Any CPU
		{FE3A2CEA-8DD6-49BB-A4D9-4840A4833D22}.Release|Any CPU.ActiveCfg = Release|Any CPU
		{FE3A2CEA-8DD6-49BB-A4D9-4840A4833D22}.Release|Any CPU.Build.0 = Release|Any CPU
	EndGlobalSection
	GlobalSection(SolutionProperties) = preSolution
		HideSolutionNode = FALSE
	EndGlobalSection
	GlobalSection(ExtensibilityGlobals) = postSolution
		SolutionGuid = {0C9C9126-78DD-48E2-9103-4F41B98282C4}
	EndGlobalSection
EndGlobal
